{
  "version": 4,
  "terraform_version": "1.12.1",
  "serial": 64,
  "lineage": "165c4298-be26-3258-df3a-9fc363973164",
  "outputs": {
    "deployment_summary": {
      "value": {
        "location": "southeastasia",
        "resource_group": "judge0-rg",
        "server_url": "https://judge0-server.delightfulbeach-c2db7502.southeastasia.azurecontainerapps.io"
      },
      "type": [
        "object",
        {
          "location": "string",
          "resource_group": "string",
          "server_url": "string"
        }
      ]
    }
  },
  "resources": [
    {
      "mode": "managed",
      "type": "azurerm_container_app",
      "name": "judge0_server",
      "provider": "provider[\"registry.terraform.io/hashicorp/azurerm\"]",
      "instances": [
        {
          "schema_version": 0,
          "attributes": {
            "container_app_environment_id": "/subscriptions/82c2619b-e539-40d4-ab62-382ec4bf6efc/resourceGroups/judge0-rg/providers/Microsoft.App/managedEnvironments/judge0-env",
            "custom_domain_verification_id": "AA2B4D017EC0DB195A46EE2F85DEBEB945F298411149A5D24EB011357760D356",
            "dapr": [],
            "id": "/subscriptions/82c2619b-e539-40d4-ab62-382ec4bf6efc/resourceGroups/judge0-rg/providers/Microsoft.App/containerApps/judge0-server",
            "identity": [],
            "ingress": [
              {
                "allow_insecure_connections": false,
                "client_certificate_mode": "",
                "custom_domain": [],
                "exposed_port": 0,
                "external_enabled": true,
                "fqdn": "judge0-server.delightfulbeach-c2db7502.southeastasia.azurecontainerapps.io",
                "ip_security_restriction": [],
                "target_port": 2358,
                "traffic_weight": [
                  {
                    "label": "",
                    "latest_revision": true,
                    "percentage": 100,
                    "revision_suffix": ""
                  }
                ],
                "transport": "http"
              }
            ],
            "latest_revision_fqdn": "judge0-server--0000012.delightfulbeach-c2db7502.southeastasia.azurecontainerapps.io",
            "latest_revision_name": "judge0-server--0000012",
            "location": "southeastasia",
            "max_inactive_revisions": 0,
            "name": "judge0-server",
            "outbound_ip_addresses": [
              "20.195.5.85"
            ],
            "registry": [],
            "resource_group_name": "judge0-rg",
            "revision_mode": "Single",
            "secret": [
              {
                "identity": "",
                "key_vault_secret_id": "",
                "name": "database-url",
                "value": "postgresql://judge0_owner:npg_oBujU4azJgt6@ep-sweet-wildflower-a1j2qcgo-pooler.ap-southeast-1.aws.neon.tech/judge0?sslmode=require\u0026channel_binding=require\u0026options=endpoint%3Dep-sweet-wildflower-a1j2qcgo"
              },
              {
                "identity": "",
                "key_vault_secret_id": "",
                "name": "redis-password",
                "value": "AaFMAAIjcDE5MzY2NmJmMWQ0YTY0MGIzYmQzZmFlNTJlODQxZjBjMnAxMA"
              },
              {
                "identity": "",
                "key_vault_secret_id": "",
                "name": "redis-url",
                "value": "rediss://default:AaFMAAIjcDE5MzY2NmJmMWQ0YTY0MGIzYmQzZmFlNTJlODQxZjBjMnAxMA@quiet-mallard-41292.upstash.io:6379"
              }
            ],
            "tags": {
              "Application": "judge0",
              "Component": "server",
              "Environment": "production"
            },
            "template": [
              {
                "azure_queue_scale_rule": [],
                "container": [
                  {
                    "args": [],
                    "command": [],
                    "cpu": 0.25,
                    "env": [
                      {
                        "name": "DATABASE_URL",
                        "secret_name": "database-url",
                        "value": ""
                      },
                      {
                        "name": "REDIS_URL",
                        "secret_name": "redis-url",
                        "value": ""
                      },
                      {
                        "name": "REDIS_HOST",
                        "secret_name": "",
                        "value": "quiet-mallard-41292.upstash.io"
                      },
                      {
                        "name": "REDIS_USE_SSL",
                        "secret_name": "",
                        "value": "true"
                      }
                    ],
                    "ephemeral_storage": "1Gi",
                    "image": "judge0/judge0:1.13.1",
                    "liveness_probe": [],
                    "memory": "0.5Gi",
                    "name": "judge0-server",
                    "readiness_probe": [],
                    "startup_probe": [],
                    "volume_mounts": []
                  }
                ],
                "custom_scale_rule": [],
                "http_scale_rule": [],
                "init_container": [],
                "max_replicas": 1,
                "min_replicas": 0,
                "revision_suffix": "",
                "tcp_scale_rule": [],
                "termination_grace_period_seconds": 0,
                "volume": []
              }
            ],
            "timeouts": null,
            "workload_profile_name": ""
          },
          "sensitive_attributes": [
            [
              {
                "type": "get_attr",
                "value": "custom_domain_verification_id"
              }
            ],
            [
              {
                "type": "get_attr",
                "value": "secret"
              }
            ]
          ],
          "identity_schema_version": 0,
          "private": "eyJlMmJmYjczMC1lY2FhLTExZTYtOGY4OC0zNDM2M2JjN2M0YzAiOnsiY3JlYXRlIjoxODAwMDAwMDAwMDAwLCJkZWxldGUiOjE4MDAwMDAwMDAwMDAsInJlYWQiOjMwMDAwMDAwMDAwMCwidXBkYXRlIjoxODAwMDAwMDAwMDAwfX0=",
          "dependencies": [
            "azurerm_container_app_environment.judge0_env",
            "azurerm_resource_group.main"
          ]
        }
      ]
    },
    {
      "mode": "managed",
      "type": "azurerm_container_app_environment",
      "name": "judge0_env",
      "provider": "provider[\"registry.terraform.io/hashicorp/azurerm\"]",
      "instances": [
        {
          "schema_version": 0,
          "attributes": {
            "custom_domain_verification_id": "AA2B4D017EC0DB195A46EE2F85DEBEB945F298411149A5D24EB011357760D356",
            "dapr_application_insights_connection_string": "",
            "default_domain": "delightfulbeach-c2db7502.southeastasia.azurecontainerapps.io",
            "docker_bridge_cidr": "",
            "id": "/subscriptions/82c2619b-e539-40d4-ab62-382ec4bf6efc/resourceGroups/judge0-rg/providers/Microsoft.App/managedEnvironments/judge0-env",
            "infrastructure_resource_group_name": "",
            "infrastructure_subnet_id": "",
            "internal_load_balancer_enabled": false,
            "location": "southeastasia",
            "log_analytics_workspace_id": "",
            "logs_destination": "",
            "mutual_tls_enabled": false,
            "name": "judge0-env",
            "platform_reserved_cidr": "",
            "platform_reserved_dns_ip_address": "",
            "resource_group_name": "judge0-rg",
            "static_ip_address": "20.247.221.142",
            "tags": {
              "Application": "judge0",
              "Component": "container-apps-environment",
              "Environment": "production"
            },
            "timeouts": null,
            "workload_profile": [],
            "zone_redundancy_enabled": false
          },
          "sensitive_attributes": [
            [
              {
                "type": "get_attr",
                "value": "dapr_application_insights_connection_string"
              }
            ]
          ],
          "identity_schema_version": 0,
          "private": "eyJlMmJmYjczMC1lY2FhLTExZTYtOGY4OC0zNDM2M2JjN2M0YzAiOnsiY3JlYXRlIjoxODAwMDAwMDAwMDAwLCJkZWxldGUiOjE4MDAwMDAwMDAwMDAsInJlYWQiOjMwMDAwMDAwMDAwMCwidXBkYXRlIjoxODAwMDAwMDAwMDAwfX0=",
          "dependencies": [
            "azurerm_resource_group.main"
          ]
        }
      ]
    },
    {
      "mode": "managed",
      "type": "azurerm_container_group",
      "name": "judge0_workers",
      "provider": "provider[\"registry.terraform.io/hashicorp/azurerm\"]",
      "instances": [
        {
          "schema_version": 0,
          "attributes": {
            "container": [
              {
                "commands": [
                  "./scripts/workers"
                ],
                "cpu": 1,
                "cpu_limit": 0,
                "environment_variables": {
                  "REDIS_HOST": "quiet-mallard-41292.upstash.io",
                  "REDIS_PORT": "6379",
                  "REDIS_USE_SSL": "true"
                },
                "image": "judge0/judge0:1.13.1",
                "liveness_probe": [],
                "memory": 2,
                "memory_limit": 0,
                "name": "judge0-worker",
                "ports": [],
                "readiness_probe": [],
                "secure_environment_variables": {
                  "DATABASE_URL": "postgresql://judge0_owner:npg_oBujU4azJgt6@ep-sweet-wildflower-a1j2qcgo-pooler.ap-southeast-1.aws.neon.tech/judge0?sslmode=require\u0026channel_binding=require\u0026options=endpoint%3Dep-sweet-wildflower-a1j2qcgo",
                  "REDIS_PASSWORD": "AaFMAAIjcDE5MzY2NmJmMWQ0YTY0MGIzYmQzZmFlNTJlODQxZjBjMnAxMA"
                },
                "security": [
                  {
                    "privilege_enabled": true
                  }
                ],
                "volume": []
              }
            ],
            "diagnostics": [],
            "dns_config": [],
            "dns_name_label": null,
            "dns_name_label_reuse_policy": "Unsecure",
            "exposed_port": [],
            "fqdn": null,
            "id": "/subscriptions/82c2619b-e539-40d4-ab62-382ec4bf6efc/resourceGroups/judge0-rg/providers/Microsoft.ContainerInstance/containerGroups/judge0-workers",
            "identity": [],
            "image_registry_credential": [],
            "init_container": [],
            "ip_address": null,
            "ip_address_type": "None",
            "key_vault_key_id": null,
            "key_vault_user_assigned_identity_id": null,
            "location": "southeastasia",
            "name": "judge0-workers",
            "network_profile_id": null,
            "os_type": "Linux",
            "priority": "",
            "resource_group_name": "judge0-rg",
            "restart_policy": "Always",
            "sku": "Standard",
            "subnet_ids": [],
            "tags": {
              "Application": "judge0",
              "Component": "worker",
              "Environment": "production"
            },
            "timeouts": null,
            "zones": []
          },
          "sensitive_attributes": [
            [
              {
                "type": "get_attr",
                "value": "container"
              },
              {
                "type": "index",
                "value": {
                  "value": 0,
                  "type": "number"
                }
              },
              {
                "type": "get_attr",
                "value": "secure_environment_variables"
              }
            ],
            [
              {
                "type": "get_attr",
                "value": "container"
              },
              {
                "type": "index",
                "value": {
                  "value": 0,
                  "type": "number"
                }
              },
              {
                "type": "get_attr",
                "value": "secure_environment_variables"
              },
              {
                "type": "index",
                "value": {
                  "value": "REDIS_PASSWORD",
                  "type": "string"
                }
              }
            ]
          ],
          "identity_schema_version": 0,
          "private": "eyJlMmJmYjczMC1lY2FhLTExZTYtOGY4OC0zNDM2M2JjN2M0YzAiOnsiY3JlYXRlIjozNjAwMDAwMDAwMDAwLCJkZWxldGUiOjE4MDAwMDAwMDAwMDAsInJlYWQiOjMwMDAwMDAwMDAwMCwidXBkYXRlIjoxODAwMDAwMDAwMDAwfX0=",
          "dependencies": [
            "azurerm_resource_group.main"
          ]
        }
      ]
    },
    {
      "mode": "managed",
      "type": "azurerm_resource_group",
      "name": "main",
      "provider": "provider[\"registry.terraform.io/hashicorp/azurerm\"]",
      "instances": [
        {
          "schema_version": 0,
          "attributes": {
            "id": "/subscriptions/82c2619b-e539-40d4-ab62-382ec4bf6efc/resourceGroups/judge0-rg",
            "location": "southeastasia",
            "managed_by": "",
            "name": "judge0-rg",
            "tags": {
              "Application": "judge0",
              "Environment": "production",
              "Purpose": "code-execution-platform"
            },
            "timeouts": null
          },
          "sensitive_attributes": [],
          "identity_schema_version": 0,
          "private": "eyJlMmJmYjczMC1lY2FhLTExZTYtOGY4OC0zNDM2M2JjN2M0YzAiOnsiY3JlYXRlIjo1NDAwMDAwMDAwMDAwLCJkZWxldGUiOjU0MDAwMDAwMDAwMDAsInJlYWQiOjMwMDAwMDAwMDAwMCwidXBkYXRlIjo1NDAwMDAwMDAwMDAwfX0="
        }
      ]
    }
  ],
  "check_results": null
}
